<?xml version="1.0" encoding="utf-8"?>
<Project ToolsVersion="4.0" xmlns="http://schemas.microsoft.com/developer/msbuild/2003">
  <ItemGroup>
    <Filter Include="소스 파일">
      <UniqueIdentifier>{4FC737F1-C7A5-4376-A066-2A32D752A2FF}</UniqueIdentifier>
      <Extensions>cpp;c;cc;cxx;c++;cppm;ixx;def;odl;idl;hpj;bat;asm;asmx</Extensions>
    </Filter>
    <Filter Include="헤더 파일">
      <UniqueIdentifier>{93995380-89BD-4b04-88EB-625FBE52EBFB}</UniqueIdentifier>
      <Extensions>h;hh;hpp;hxx;h++;hm;inl;inc;ipp;xsd</Extensions>
    </Filter>
    <Filter Include="리소스 파일">
      <UniqueIdentifier>{67DA6AB6-F800-4c08-8B7A-83BB121AAD01}</UniqueIdentifier>
      <Extensions>rc;ico;cur;bmp;dlg;rc2;rct;bin;rgs;gif;jpg;jpeg;jpe;resx;tiff;tif;png;wav;mfcribbon-ms</Extensions>
    </Filter>
  </ItemGroup>
  <ItemGroup>
    <ClCompile Include="test33_RefReturn3.cpp">
      <Filter>소스 파일</Filter>
    </ClCompile>
    <ClCompile Include="test14_DefaultValue1.cpp">
      <Filter>소스 파일</Filter>
    </ClCompile>
    <ClCompile Include="test15_DefaultValue2.cpp">
      <Filter>소스 파일</Filter>
    </ClCompile>
    <ClCompile Include="test16_DefaultValue3.cpp">
      <Filter>소스 파일</Filter>
    </ClCompile>
    <ClCompile Include="test17_222_01.cpp">
      <Filter>소스 파일</Filter>
    </ClCompile>
    <ClCompile Include="test18_InlineFunc.cpp">
      <Filter>소스 파일</Filter>
    </ClCompile>
    <ClCompile Include="test19_NameSp1.cpp">
      <Filter>소스 파일</Filter>
    </ClCompile>
    <ClCompile Include="test20_NameSp2.cpp">
      <Filter>소스 파일</Filter>
    </ClCompile>
    <ClCompile Include="test21_UsingDcl2.cpp">
      <Filter>소스 파일</Filter>
    </ClCompile>
    <ClCompile Include="test22_NameAlias.cpp">
      <Filter>소스 파일</Filter>
    </ClCompile>
    <ClCompile Include="test23_222_02.cpp">
      <Filter>소스 파일</Filter>
    </ClCompile>
    <ClCompile Include="test24_222_03.cpp">
      <Filter>소스 파일</Filter>
    </ClCompile>
    <ClCompile Include="test25_pointer.cpp">
      <Filter>소스 파일</Filter>
    </ClCompile>
    <ClCompile Include="test26_swap01.cpp">
      <Filter>소스 파일</Filter>
    </ClCompile>
    <ClCompile Include="test27_swap02.cpp">
      <Filter>소스 파일</Filter>
    </ClCompile>
    <ClCompile Include="test28_swap03.cpp">
      <Filter>소스 파일</Filter>
    </ClCompile>
    <ClCompile Include="test29_RefArrElem.cpp">
      <Filter>소스 파일</Filter>
    </ClCompile>
    <ClCompile Include="test30_RefSwap.cpp">
      <Filter>소스 파일</Filter>
    </ClCompile>
    <ClCompile Include="test31_RefReturnOne.cpp">
      <Filter>소스 파일</Filter>
    </ClCompile>
    <ClCompile Include="test32_RefReturnTwo.cpp">
      <Filter>소스 파일</Filter>
    </ClCompile>
  </ItemGroup>
</Project>